
Microsoft Visual Studio Solution File, Format Version 12.00
# Visual Studio 14
VisualStudioVersion = 14.0.25420.1
MinimumVisualStudioVersion = 10.0.40219.1
Project("{FAE04EC0-301F-11D3-BF4B-00C04F79EFBC}") = "BotFactory.Common", "BotFactory.Common\BotFactory.Common.csproj", "{31CBE673-7E35-4A8C-B382-CC421F16EC52}"
EndProject
Project("{FAE04EC0-301F-11D3-BF4B-00C04F79EFBC}") = "BotFactory.Models", "BotFactory.Models\BotFactory.Models.csproj", "{A0314E76-89D1-4577-B0B5-D7B0F13B1C29}"
EndProject
Project("{FAE04EC0-301F-11D3-BF4B-00C04F79EFBC}") = "BotFactory", "BotFactory-master\BotFactory.csproj", "{90845D20-0A0B-4D85-B38C-4DF4A8FA2FAD}"
EndProject
Project("{FAE04EC0-301F-11D3-BF4B-00C04F79EFBC}") = "BotFactory.Factories", "BotFactory.Factories\BotFactory.Factories.csproj", "{9CFF1F44-B760-4B9D-87B0-4E45EEE1BCA5}"
EndProject
Global
	GlobalSection(SolutionConfigurationPlatforms) = preSolution
		Debug|Any CPU = Debug|Any CPU
		Release|Any CPU = Release|Any CPU
	EndGlobalSection
	GlobalSection(ProjectConfigurationPlatforms) = postSolution
		{31CBE673-7E35-4A8C-B382-CC421F16EC52}.Debug|Any CPU.ActiveCfg = Debug|Any CPU
		{31CBE673-7E35-4A8C-B382-CC421F16EC52}.Debug|Any CPU.Build.0 = Debug|Any CPU
		{31CBE673-7E35-4A8C-B382-CC421F16EC52}.Release|Any CPU.ActiveCfg = Release|Any CPU
		{31CBE673-7E35-4A8C-B382-CC421F16EC52}.Release|Any CPU.Build.0 = Release|Any CPU
		{A0314E76-89D1-4577-B0B5-D7B0F13B1C29}.Debug|Any CPU.ActiveCfg = Debug|Any CPU
		{A0314E76-89D1-4577-B0B5-D7B0F13B1C29}.Debug|Any CPU.Build.0 = Debug|Any CPU
		{A0314E76-89D1-4577-B0B5-D7B0F13B1C29}.Release|Any CPU.ActiveCfg = Release|Any CPU
		{A0314E76-89D1-4577-B0B5-D7B0F13B1C29}.Release|Any CPU.Build.0 = Release|Any CPU
		{90845D20-0A0B-4D85-B38C-4DF4A8FA2FAD}.Debug|Any CPU.ActiveCfg = Debug|Any CPU
		{90845D20-0A0B-4D85-B38C-4DF4A8FA2FAD}.Debug|Any CPU.Build.0 = Debug|Any CPU
		{90845D20-0A0B-4D85-B38C-4DF4A8FA2FAD}.Release|Any CPU.ActiveCfg = Release|Any CPU
		{90845D20-0A0B-4D85-B38C-4DF4A8FA2FAD}.Release|Any CPU.Build.0 = Release|Any CPU
		{9CFF1F44-B760-4B9D-87B0-4E45EEE1BCA5}.Debug|Any CPU.ActiveCfg = Debug|Any CPU
		{9CFF1F44-B760-4B9D-87B0-4E45EEE1BCA5}.Debug|Any CPU.Build.0 = Debug|Any CPU
		{9CFF1F44-B760-4B9D-87B0-4E45EEE1BCA5}.Release|Any CPU.ActiveCfg = Release|Any CPU
		{9CFF1F44-B760-4B9D-87B0-4E45EEE1BCA5}.Release|Any CPU.Build.0 = Release|Any CPU
	EndGlobalSection
	GlobalSection(SolutionProperties) = preSolution
		HideSolutionNode = FALSE
	EndGlobalSection
EndGlobal
